
Microsoft Visual Studio Solution File, Format Version 12.00
# Visual Studio Version 17
VisualStudioVersion = 17.0.31903.59
MinimumVisualStudioVersion = 10.0.40219.1
Project("{2150E333-8FDC-42A3-9474-1A3956D46DE8}") = "app", "app", "{94EFE0D5-12FF-4A16-A162-C8FFA5A928B2}"
EndProject
Project("{FAE04EC0-301F-11D3-BF4B-00C04F79EFBC}") = "Picazhu.App", "app\Picazhu.App\Picazhu.App.csproj", "{FD97BCB5-C4BE-4DA5-BF9A-9C4C4480F20A}"
EndProject
Project("{FAE04EC0-301F-11D3-BF4B-00C04F79EFBC}") = "Picazhu.Core", "app\Picazhu.Core\Picazhu.Core.csproj", "{753FEE46-81A3-4C3E-9449-D2E5C1CFC200}"
EndProject
Project("{FAE04EC0-301F-11D3-BF4B-00C04F79EFBC}") = "Picazhu.Indexing", "app\Picazhu.Indexing\Picazhu.Indexing.csproj", "{D11A7D4B-9AAA-46F1-A517-A2F920A9A73C}"
EndProject
Project("{FAE04EC0-301F-11D3-BF4B-00C04F79EFBC}") = "Picazhu.Media", "app\Picazhu.Media\Picazhu.Media.csproj", "{C10FBC00-60C9-4F6B-86A5-F36F0D323105}"
EndProject
Project("{FAE04EC0-301F-11D3-BF4B-00C04F79EFBC}") = "Picazhu.Data", "app\Picazhu.Data\Picazhu.Data.csproj", "{2C01B911-BE07-4B40-A206-70F29C2D223D}"
EndProject
Project("{FAE04EC0-301F-11D3-BF4B-00C04F79EFBC}") = "Picazhu.Cache", "app\Picazhu.Cache\Picazhu.Cache.csproj", "{07D99471-F0CC-4192-90AB-BE03D9976EC5}"
EndProject
Project("{FAE04EC0-301F-11D3-BF4B-00C04F79EFBC}") = "Picazhu.AI", "app\Picazhu.AI\Picazhu.AI.csproj", "{CA2061EA-652B-4B32-8801-FE41027E5C7D}"
EndProject
Project("{FAE04EC0-301F-11D3-BF4B-00C04F79EFBC}") = "Picazhu.Tests", "app\Picazhu.Tests\Picazhu.Tests.csproj", "{671213C5-B9B0-4448-ACBC-21EF21BC3AAB}"
EndProject
Global
	GlobalSection(SolutionConfigurationPlatforms) = preSolution
		Debug|Any CPU = Debug|Any CPU
		Release|Any CPU = Release|Any CPU
	EndGlobalSection
	GlobalSection(SolutionProperties) = preSolution
		HideSolutionNode = FALSE
	EndGlobalSection
	GlobalSection(ProjectConfigurationPlatforms) = postSolution
		{FD97BCB5-C4BE-4DA5-BF9A-9C4C4480F20A}.Debug|Any CPU.ActiveCfg = Debug|Any CPU
		{FD97BCB5-C4BE-4DA5-BF9A-9C4C4480F20A}.Debug|Any CPU.Build.0 = Debug|Any CPU
		{FD97BCB5-C4BE-4DA5-BF9A-9C4C4480F20A}.Release|Any CPU.ActiveCfg = Release|Any CPU
		{FD97BCB5-C4BE-4DA5-BF9A-9C4C4480F20A}.Release|Any CPU.Build.0 = Release|Any CPU
		{753FEE46-81A3-4C3E-9449-D2E5C1CFC200}.Debug|Any CPU.ActiveCfg = Debug|Any CPU
		{753FEE46-81A3-4C3E-9449-D2E5C1CFC200}.Debug|Any CPU.Build.0 = Debug|Any CPU
		{753FEE46-81A3-4C3E-9449-D2E5C1CFC200}.Release|Any CPU.ActiveCfg = Release|Any CPU
		{753FEE46-81A3-4C3E-9449-D2E5C1CFC200}.Release|Any CPU.Build.0 = Release|Any CPU
		{D11A7D4B-9AAA-46F1-A517-A2F920A9A73C}.Debug|Any CPU.ActiveCfg = Debug|Any CPU
		{D11A7D4B-9AAA-46F1-A517-A2F920A9A73C}.Debug|Any CPU.Build.0 = Debug|Any CPU
		{D11A7D4B-9AAA-46F1-A517-A2F920A9A73C}.Release|Any CPU.ActiveCfg = Release|Any CPU
		{D11A7D4B-9AAA-46F1-A517-A2F920A9A73C}.Release|Any CPU.Build.0 = Release|Any CPU
		{C10FBC00-60C9-4F6B-86A5-F36F0D323105}.Debug|Any CPU.ActiveCfg = Debug|Any CPU
		{C10FBC00-60C9-4F6B-86A5-F36F0D323105}.Debug|Any CPU.Build.0 = Debug|Any CPU
		{C10FBC00-60C9-4F6B-86A5-F36F0D323105}.Release|Any CPU.ActiveCfg = Release|Any CPU
		{C10FBC00-60C9-4F6B-86A5-F36F0D323105}.Release|Any CPU.Build.0 = Release|Any CPU
		{2C01B911-BE07-4B40-A206-70F29C2D223D}.Debug|Any CPU.ActiveCfg = Debug|Any CPU
		{2C01B911-BE07-4B40-A206-70F29C2D223D}.Debug|Any CPU.Build.0 = Debug|Any CPU
		{2C01B911-BE07-4B40-A206-70F29C2D223D}.Release|Any CPU.ActiveCfg = Release|Any CPU
		{2C01B911-BE07-4B40-A206-70F29C2D223D}.Release|Any CPU.Build.0 = Release|Any CPU
		{07D99471-F0CC-4192-90AB-BE03D9976EC5}.Debug|Any CPU.ActiveCfg = Debug|Any CPU
		{07D99471-F0CC-4192-90AB-BE03D9976EC5}.Debug|Any CPU.Build.0 = Debug|Any CPU
		{07D99471-F0CC-4192-90AB-BE03D9976EC5}.Release|Any CPU.ActiveCfg = Release|Any CPU
		{07D99471-F0CC-4192-90AB-BE03D9976EC5}.Release|Any CPU.Build.0 = Release|Any CPU
		{CA2061EA-652B-4B32-8801-FE41027E5C7D}.Debug|Any CPU.ActiveCfg = Debug|Any CPU
		{CA2061EA-652B-4B32-8801-FE41027E5C7D}.Debug|Any CPU.Build.0 = Debug|Any CPU
		{CA2061EA-652B-4B32-8801-FE41027E5C7D}.Release|Any CPU.ActiveCfg = Release|Any CPU
		{CA2061EA-652B-4B32-8801-FE41027E5C7D}.Release|Any CPU.Build.0 = Release|Any CPU
		{671213C5-B9B0-4448-ACBC-21EF21BC3AAB}.Debug|Any CPU.ActiveCfg = Debug|Any CPU
		{671213C5-B9B0-4448-ACBC-21EF21BC3AAB}.Debug|Any CPU.Build.0 = Debug|Any CPU
		{671213C5-B9B0-4448-ACBC-21EF21BC3AAB}.Release|Any CPU.ActiveCfg = Release|Any CPU
		{671213C5-B9B0-4448-ACBC-21EF21BC3AAB}.Release|Any CPU.Build.0 = Release|Any CPU
	EndGlobalSection
	GlobalSection(NestedProjects) = preSolution
		{FD97BCB5-C4BE-4DA5-BF9A-9C4C4480F20A} = {94EFE0D5-12FF-4A16-A162-C8FFA5A928B2}
		{753FEE46-81A3-4C3E-9449-D2E5C1CFC200} = {94EFE0D5-12FF-4A16-A162-C8FFA5A928B2}
		{D11A7D4B-9AAA-46F1-A517-A2F920A9A73C} = {94EFE0D5-12FF-4A16-A162-C8FFA5A928B2}
		{C10FBC00-60C9-4F6B-86A5-F36F0D323105} = {94EFE0D5-12FF-4A16-A162-C8FFA5A928B2}
		{2C01B911-BE07-4B40-A206-70F29C2D223D} = {94EFE0D5-12FF-4A16-A162-C8FFA5A928B2}
		{07D99471-F0CC-4192-90AB-BE03D9976EC5} = {94EFE0D5-12FF-4A16-A162-C8FFA5A928B2}
		{CA2061EA-652B-4B32-8801-FE41027E5C7D} = {94EFE0D5-12FF-4A16-A162-C8FFA5A928B2}
		{671213C5-B9B0-4448-ACBC-21EF21BC3AAB} = {94EFE0D5-12FF-4A16-A162-C8FFA5A928B2}
	EndGlobalSection
EndGlobal
